
Microsoft Visual Studio Solution File, Format Version 12.00
# Visual Studio Version 16
VisualStudioVersion = 16.0.32126.315
MinimumVisualStudioVersion = 10.0.40219.1
Project("{F184B08F-C81C-45F6-A57F-5ABD9991F28F}") = "ASHK.COMMON", "..\..\..\..\Рабочие проекты\ASHK.COMMON\ASHK.COMMON.vbproj", "{E0AB37B3-D8C8-4146-8EFE-078E1749F893}"
EndProject
Project("{FAE04EC0-301F-11D3-BF4B-00C04F79EFBC}") = "ASHK.SRTWinApp", "ASHK.SRTWinApp\ASHK.SRTWinApp.csproj", "{BEA35B6B-8FB7-4FCD-B727-F49D79D6CD0B}"
EndProject
Project("{FAE04EC0-301F-11D3-BF4B-00C04F79EFBC}") = "ASHK.MassaK", "..\..\MassaK\MassaK\ASHK.MassaK.csproj", "{85924F36-542F-472E-A59E-2689D66A5746}"
EndProject
Project("{FAE04EC0-301F-11D3-BF4B-00C04F79EFBC}") = "AutoUpdater.NET", "..\..\..\..\ASHK.AutoUpdater.NET\AutoUpdater.NET\AutoUpdater.NET.csproj", "{FB9E7E6B-B19F-4F37-A708-2996190CEF13}"
EndProject
Global
	GlobalSection(SolutionConfigurationPlatforms) = preSolution
		Debug|Any CPU = Debug|Any CPU
		Debug-NET35|Any CPU = Debug-NET35|Any CPU
		Debug-NET40|Any CPU = Debug-NET40|Any CPU
		Release|Any CPU = Release|Any CPU
		Release-NET35|Any CPU = Release-NET35|Any CPU
		Release-NET40|Any CPU = Release-NET40|Any CPU
	EndGlobalSection
	GlobalSection(ProjectConfigurationPlatforms) = postSolution
		{E0AB37B3-D8C8-4146-8EFE-078E1749F893}.Debug|Any CPU.ActiveCfg = Debug|Any CPU
		{E0AB37B3-D8C8-4146-8EFE-078E1749F893}.Debug|Any CPU.Build.0 = Debug|Any CPU
		{E0AB37B3-D8C8-4146-8EFE-078E1749F893}.Debug-NET35|Any CPU.ActiveCfg = Debug|Any CPU
		{E0AB37B3-D8C8-4146-8EFE-078E1749F893}.Debug-NET35|Any CPU.Build.0 = Debug|Any CPU
		{E0AB37B3-D8C8-4146-8EFE-078E1749F893}.Debug-NET40|Any CPU.ActiveCfg = Debug|Any CPU
		{E0AB37B3-D8C8-4146-8EFE-078E1749F893}.Debug-NET40|Any CPU.Build.0 = Debug|Any CPU
		{E0AB37B3-D8C8-4146-8EFE-078E1749F893}.Release|Any CPU.ActiveCfg = Release|Any CPU
		{E0AB37B3-D8C8-4146-8EFE-078E1749F893}.Release|Any CPU.Build.0 = Release|Any CPU
		{E0AB37B3-D8C8-4146-8EFE-078E1749F893}.Release-NET35|Any CPU.ActiveCfg = Release|Any CPU
		{E0AB37B3-D8C8-4146-8EFE-078E1749F893}.Release-NET35|Any CPU.Build.0 = Release|Any CPU
		{E0AB37B3-D8C8-4146-8EFE-078E1749F893}.Release-NET40|Any CPU.ActiveCfg = Release|Any CPU
		{E0AB37B3-D8C8-4146-8EFE-078E1749F893}.Release-NET40|Any CPU.Build.0 = Release|Any CPU
		{BEA35B6B-8FB7-4FCD-B727-F49D79D6CD0B}.Debug|Any CPU.ActiveCfg = Debug|Any CPU
		{BEA35B6B-8FB7-4FCD-B727-F49D79D6CD0B}.Debug|Any CPU.Build.0 = Debug|Any CPU
		{BEA35B6B-8FB7-4FCD-B727-F49D79D6CD0B}.Debug-NET35|Any CPU.ActiveCfg = Debug|Any CPU
		{BEA35B6B-8FB7-4FCD-B727-F49D79D6CD0B}.Debug-NET35|Any CPU.Build.0 = Debug|Any CPU
		{BEA35B6B-8FB7-4FCD-B727-F49D79D6CD0B}.Debug-NET40|Any CPU.ActiveCfg = Debug|Any CPU
		{BEA35B6B-8FB7-4FCD-B727-F49D79D6CD0B}.Debug-NET40|Any CPU.Build.0 = Debug|Any CPU
		{BEA35B6B-8FB7-4FCD-B727-F49D79D6CD0B}.Release|Any CPU.ActiveCfg = Release|Any CPU
		{BEA35B6B-8FB7-4FCD-B727-F49D79D6CD0B}.Release|Any CPU.Build.0 = Release|Any CPU
		{BEA35B6B-8FB7-4FCD-B727-F49D79D6CD0B}.Release-NET35|Any CPU.ActiveCfg = Release|Any CPU
		{BEA35B6B-8FB7-4FCD-B727-F49D79D6CD0B}.Release-NET35|Any CPU.Build.0 = Release|Any CPU
		{BEA35B6B-8FB7-4FCD-B727-F49D79D6CD0B}.Release-NET40|Any CPU.ActiveCfg = Release|Any CPU
		{BEA35B6B-8FB7-4FCD-B727-F49D79D6CD0B}.Release-NET40|Any CPU.Build.0 = Release|Any CPU
		{85924F36-542F-472E-A59E-2689D66A5746}.Debug|Any CPU.ActiveCfg = Debug|Any CPU
		{85924F36-542F-472E-A59E-2689D66A5746}.Debug|Any CPU.Build.0 = Debug|Any CPU
		{85924F36-542F-472E-A59E-2689D66A5746}.Debug-NET35|Any CPU.ActiveCfg = Debug|Any CPU
		{85924F36-542F-472E-A59E-2689D66A5746}.Debug-NET35|Any CPU.Build.0 = Debug|Any CPU
		{85924F36-542F-472E-A59E-2689D66A5746}.Debug-NET40|Any CPU.ActiveCfg = Debug|Any CPU
		{85924F36-542F-472E-A59E-2689D66A5746}.Debug-NET40|Any CPU.Build.0 = Debug|Any CPU
		{85924F36-542F-472E-A59E-2689D66A5746}.Release|Any CPU.ActiveCfg = Release|Any CPU
		{85924F36-542F-472E-A59E-2689D66A5746}.Release|Any CPU.Build.0 = Release|Any CPU
		{85924F36-542F-472E-A59E-2689D66A5746}.Release-NET35|Any CPU.ActiveCfg = Release|Any CPU
		{85924F36-542F-472E-A59E-2689D66A5746}.Release-NET35|Any CPU.Build.0 = Release|Any CPU
		{85924F36-542F-472E-A59E-2689D66A5746}.Release-NET40|Any CPU.ActiveCfg = Release|Any CPU
		{85924F36-542F-472E-A59E-2689D66A5746}.Release-NET40|Any CPU.Build.0 = Release|Any CPU
		{FB9E7E6B-B19F-4F37-A708-2996190CEF13}.Debug|Any CPU.ActiveCfg = Debug|Any CPU
		{FB9E7E6B-B19F-4F37-A708-2996190CEF13}.Debug|Any CPU.Build.0 = Debug|Any CPU
		{FB9E7E6B-B19F-4F37-A708-2996190CEF13}.Debug-NET35|Any CPU.ActiveCfg = Debug-NET35|Any CPU
		{FB9E7E6B-B19F-4F37-A708-2996190CEF13}.Debug-NET35|Any CPU.Build.0 = Debug-NET35|Any CPU
		{FB9E7E6B-B19F-4F37-A708-2996190CEF13}.Debug-NET40|Any CPU.ActiveCfg = Debug-NET40|Any CPU
		{FB9E7E6B-B19F-4F37-A708-2996190CEF13}.Debug-NET40|Any CPU.Build.0 = Debug-NET40|Any CPU
		{FB9E7E6B-B19F-4F37-A708-2996190CEF13}.Release|Any CPU.ActiveCfg = Release|Any CPU
		{FB9E7E6B-B19F-4F37-A708-2996190CEF13}.Release|Any CPU.Build.0 = Release|Any CPU
		{FB9E7E6B-B19F-4F37-A708-2996190CEF13}.Release-NET35|Any CPU.ActiveCfg = Release-NET35|Any CPU
		{FB9E7E6B-B19F-4F37-A708-2996190CEF13}.Release-NET35|Any CPU.Build.0 = Release-NET35|Any CPU
		{FB9E7E6B-B19F-4F37-A708-2996190CEF13}.Release-NET40|Any CPU.ActiveCfg = Release-NET40|Any CPU
		{FB9E7E6B-B19F-4F37-A708-2996190CEF13}.Release-NET40|Any CPU.Build.0 = Release-NET40|Any CPU
	EndGlobalSection
	GlobalSection(SolutionProperties) = preSolution
		HideSolutionNode = FALSE
	EndGlobalSection
	GlobalSection(ExtensibilityGlobals) = postSolution
		SolutionGuid = {6D2AA099-C675-45F2-A11E-17E93A89A680}
	EndGlobalSection
EndGlobal
